
Microsoft Visual Studio Solution File, Format Version 12.00
# Visual Studio Version 18
VisualStudioVersion = 18.1.11312.151
MinimumVisualStudioVersion = 10.0.40219.1
Project("{FAE04EC0-301F-11D3-BF4B-00C04F79EFBC}") = "CncLocalRelay", "CncLocalRelay\CncLocalRelay.csproj", "{F784FCDB-89B9-4963-A81D-6EC3AA1235B6}"
EndProject
Project("{2150E333-8FDC-42A3-9474-1A3956D46DE8}") = "Solution Items", "Solution Items", "{C8081F7A-130C-4F5A-8FEC-A99E002A1F4D}"
	ProjectSection(SolutionItems) = preProject
		README.md = README.md
	EndProjectSection
EndProject
Project("{FAE04EC0-301F-11D3-BF4B-00C04F79EFBC}") = "CncLocalRelayUI", "CncLocalRelayUI\CncLocalRelayUI.csproj", "{5DE78667-9661-4178-BA9B-6AADD8D355E1}"
EndProject
Global
	GlobalSection(SolutionConfigurationPlatforms) = preSolution
		Debug|Any CPU = Debug|Any CPU
		Release|Any CPU = Release|Any CPU
	EndGlobalSection
	GlobalSection(ProjectConfigurationPlatforms) = postSolution
		{F784FCDB-89B9-4963-A81D-6EC3AA1235B6}.Debug|Any CPU.ActiveCfg = Debug|Any CPU
		{F784FCDB-89B9-4963-A81D-6EC3AA1235B6}.Debug|Any CPU.Build.0 = Debug|Any CPU
		{F784FCDB-89B9-4963-A81D-6EC3AA1235B6}.Release|Any CPU.ActiveCfg = Release|Any CPU
		{F784FCDB-89B9-4963-A81D-6EC3AA1235B6}.Release|Any CPU.Build.0 = Release|Any CPU
		{5DE78667-9661-4178-BA9B-6AADD8D355E1}.Debug|Any CPU.ActiveCfg = Debug|Any CPU
		{5DE78667-9661-4178-BA9B-6AADD8D355E1}.Debug|Any CPU.Build.0 = Debug|Any CPU
		{5DE78667-9661-4178-BA9B-6AADD8D355E1}.Release|Any CPU.ActiveCfg = Release|Any CPU
		{5DE78667-9661-4178-BA9B-6AADD8D355E1}.Release|Any CPU.Build.0 = Release|Any CPU
	EndGlobalSection
	GlobalSection(SolutionProperties) = preSolution
		HideSolutionNode = FALSE
	EndGlobalSection
	GlobalSection(ExtensibilityGlobals) = postSolution
		SolutionGuid = {2617B82D-9FB9-4167-B5B1-732DA6B81F5A}
	EndGlobalSection
EndGlobal
